
Microsoft Visual Studio Solution File, Format Version 12.00
# Visual Studio 15
VisualStudioVersion = 15.0.28307.1062
MinimumVisualStudioVersion = 10.0.40219.1
Project("{2150E333-8FDC-42A3-9474-1A3956D46DE8}") = "Client", "Client", "{28E5E639-DFE1-454F-8531-8762D7F5E0DD}"
EndProject
Project("{2150E333-8FDC-42A3-9474-1A3956D46DE8}") = "Parser", "Parser", "{2564399C-CBC9-47B4-AC3F-81EE38A6AFD6}"
EndProject
Project("{2150E333-8FDC-42A3-9474-1A3956D46DE8}") = "UI Controler", "UI Controler", "{802BBFCB-39D6-46CB-9D6B-65605AA634A3}"
EndProject
Project("{2150E333-8FDC-42A3-9474-1A3956D46DE8}") = "Virtual UI Controler", "Virtual UI Controler", "{38AC1416-BF10-4D5A-BF61-EF05E281919D}"
EndProject
Project("{2150E333-8FDC-42A3-9474-1A3956D46DE8}") = "UI", "UI", "{A31012F3-443A-4D29-B72A-0846BB24AD40}"
EndProject
Project("{FAE04EC0-301F-11D3-BF4B-00C04F79EFBC}") = "UnosTeksta", "UnosTeksta\UnosTeksta.csproj", "{5DE5C35B-4BD4-456C-ACD6-41753AC6ACBB}"
EndProject
Project("{FAE04EC0-301F-11D3-BF4B-00C04F79EFBC}") = "UnosTekstaTest", "UnosTekstaTest\UnosTekstaTest.csproj", "{66852C24-5BFF-4694-89EA-9BA78853D540}"
EndProject
Project("{2150E333-8FDC-42A3-9474-1A3956D46DE8}") = "Model Podataka", "Model Podataka", "{9EE3F8DF-BBA8-47D5-88BD-B4B10AEBD912}"
EndProject
Project("{FAE04EC0-301F-11D3-BF4B-00C04F79EFBC}") = "Modeli", "Modeli\Modeli.csproj", "{0BBF3E5B-E48D-4E04-894E-D648FFBE9DFD}"
EndProject
Project("{FAE04EC0-301F-11D3-BF4B-00C04F79EFBC}") = "ModeliTest", "ModeliTest\ModeliTest.csproj", "{2C855263-80BD-4436-A204-40DE03F5489D}"
EndProject
Project("{FAE04EC0-301F-11D3-BF4B-00C04F79EFBC}") = "ProsledjivanjeTeksta", "ProsledjivanjeTeksta\ProsledjivanjeTeksta.csproj", "{19015534-6C7C-4B3B-B8EC-1B781C0BAD53}"
EndProject
Project("{FAE04EC0-301F-11D3-BF4B-00C04F79EFBC}") = "Parser", "Parser\Parser.csproj", "{46EDC42B-9E40-4232-95AC-5EF47011635D}"
EndProject
Global
	GlobalSection(SolutionConfigurationPlatforms) = preSolution
		Debug|Any CPU = Debug|Any CPU
		Release|Any CPU = Release|Any CPU
	EndGlobalSection
	GlobalSection(ProjectConfigurationPlatforms) = postSolution
		{5DE5C35B-4BD4-456C-ACD6-41753AC6ACBB}.Debug|Any CPU.ActiveCfg = Debug|Any CPU
		{5DE5C35B-4BD4-456C-ACD6-41753AC6ACBB}.Debug|Any CPU.Build.0 = Debug|Any CPU
		{5DE5C35B-4BD4-456C-ACD6-41753AC6ACBB}.Release|Any CPU.ActiveCfg = Release|Any CPU
		{5DE5C35B-4BD4-456C-ACD6-41753AC6ACBB}.Release|Any CPU.Build.0 = Release|Any CPU
		{66852C24-5BFF-4694-89EA-9BA78853D540}.Debug|Any CPU.ActiveCfg = Debug|Any CPU
		{66852C24-5BFF-4694-89EA-9BA78853D540}.Debug|Any CPU.Build.0 = Debug|Any CPU
		{66852C24-5BFF-4694-89EA-9BA78853D540}.Release|Any CPU.ActiveCfg = Release|Any CPU
		{66852C24-5BFF-4694-89EA-9BA78853D540}.Release|Any CPU.Build.0 = Release|Any CPU
		{0BBF3E5B-E48D-4E04-894E-D648FFBE9DFD}.Debug|Any CPU.ActiveCfg = Debug|Any CPU
		{0BBF3E5B-E48D-4E04-894E-D648FFBE9DFD}.Debug|Any CPU.Build.0 = Debug|Any CPU
		{0BBF3E5B-E48D-4E04-894E-D648FFBE9DFD}.Release|Any CPU.ActiveCfg = Release|Any CPU
		{0BBF3E5B-E48D-4E04-894E-D648FFBE9DFD}.Release|Any CPU.Build.0 = Release|Any CPU
		{2C855263-80BD-4436-A204-40DE03F5489D}.Debug|Any CPU.ActiveCfg = Debug|Any CPU
		{2C855263-80BD-4436-A204-40DE03F5489D}.Debug|Any CPU.Build.0 = Debug|Any CPU
		{2C855263-80BD-4436-A204-40DE03F5489D}.Release|Any CPU.ActiveCfg = Release|Any CPU
		{2C855263-80BD-4436-A204-40DE03F5489D}.Release|Any CPU.Build.0 = Release|Any CPU
		{19015534-6C7C-4B3B-B8EC-1B781C0BAD53}.Debug|Any CPU.ActiveCfg = Debug|Any CPU
		{19015534-6C7C-4B3B-B8EC-1B781C0BAD53}.Debug|Any CPU.Build.0 = Debug|Any CPU
		{19015534-6C7C-4B3B-B8EC-1B781C0BAD53}.Release|Any CPU.ActiveCfg = Release|Any CPU
		{19015534-6C7C-4B3B-B8EC-1B781C0BAD53}.Release|Any CPU.Build.0 = Release|Any CPU
		{46EDC42B-9E40-4232-95AC-5EF47011635D}.Debug|Any CPU.ActiveCfg = Debug|Any CPU
		{46EDC42B-9E40-4232-95AC-5EF47011635D}.Debug|Any CPU.Build.0 = Debug|Any CPU
		{46EDC42B-9E40-4232-95AC-5EF47011635D}.Release|Any CPU.ActiveCfg = Release|Any CPU
		{46EDC42B-9E40-4232-95AC-5EF47011635D}.Release|Any CPU.Build.0 = Release|Any CPU
	EndGlobalSection
	GlobalSection(SolutionProperties) = preSolution
		HideSolutionNode = FALSE
	EndGlobalSection
	GlobalSection(NestedProjects) = preSolution
		{5DE5C35B-4BD4-456C-ACD6-41753AC6ACBB} = {28E5E639-DFE1-454F-8531-8762D7F5E0DD}
		{66852C24-5BFF-4694-89EA-9BA78853D540} = {28E5E639-DFE1-454F-8531-8762D7F5E0DD}
		{0BBF3E5B-E48D-4E04-894E-D648FFBE9DFD} = {9EE3F8DF-BBA8-47D5-88BD-B4B10AEBD912}
		{2C855263-80BD-4436-A204-40DE03F5489D} = {9EE3F8DF-BBA8-47D5-88BD-B4B10AEBD912}
		{19015534-6C7C-4B3B-B8EC-1B781C0BAD53} = {28E5E639-DFE1-454F-8531-8762D7F5E0DD}
		{46EDC42B-9E40-4232-95AC-5EF47011635D} = {2564399C-CBC9-47B4-AC3F-81EE38A6AFD6}
	EndGlobalSection
	GlobalSection(ExtensibilityGlobals) = postSolution
		SolutionGuid = {EE516B15-00B3-4B7B-9E38-657267E48462}
	EndGlobalSection
EndGlobal
