
Microsoft Visual Studio Solution File, Format Version 12.00
# Visual Studio 15
VisualStudioVersion = 15.0.28307.1062
MinimumVisualStudioVersion = 10.0.40219.1
Project("{2150E333-8FDC-42A3-9474-1A3956D46DE8}") = "Client", "Client", "{28E5E639-DFE1-454F-8531-8762D7F5E0DD}"
EndProject
Project("{2150E333-8FDC-42A3-9474-1A3956D46DE8}") = "Parser", "Parser", "{2564399C-CBC9-47B4-AC3F-81EE38A6AFD6}"
EndProject
Project("{2150E333-8FDC-42A3-9474-1A3956D46DE8}") = "UI Controler", "UI Controler", "{802BBFCB-39D6-46CB-9D6B-65605AA634A3}"
EndProject
Project("{2150E333-8FDC-42A3-9474-1A3956D46DE8}") = "Virtual UI Controler", "Virtual UI Controler", "{38AC1416-BF10-4D5A-BF61-EF05E281919D}"
EndProject
Project("{2150E333-8FDC-42A3-9474-1A3956D46DE8}") = "UI", "UI", "{A31012F3-443A-4D29-B72A-0846BB24AD40}"
EndProject
Project("{FAE04EC0-301F-11D3-BF4B-00C04F79EFBC}") = "UnosTeksta", "UnosTeksta\UnosTeksta.csproj", "{5DE5C35B-4BD4-456C-ACD6-41753AC6ACBB}"
EndProject
Project("{FAE04EC0-301F-11D3-BF4B-00C04F79EFBC}") = "UnosTekstaTest", "UnosTekstaTest\UnosTekstaTest.csproj", "{66852C24-5BFF-4694-89EA-9BA78853D540}"
EndProject
Project("{FAE04EC0-301F-11D3-BF4B-00C04F79EFBC}") = "ProsledjivanjeTeksta", "ProsledjivanjeTeksta\ProsledjivanjeTeksta.csproj", "{19015534-6C7C-4B3B-B8EC-1B781C0BAD53}"
EndProject
Project("{FAE04EC0-301F-11D3-BF4B-00C04F79EFBC}") = "Parser", "Parser\Parser.csproj", "{46EDC42B-9E40-4232-95AC-5EF47011635D}"
EndProject
Project("{FAE04EC0-301F-11D3-BF4B-00C04F79EFBC}") = "ParserFile", "ParserFile\ParserFile.csproj", "{EA6228E4-98DD-48ED-AA08-A2F15605E6BE}"
EndProject
Project("{2150E333-8FDC-42A3-9474-1A3956D46DE8}") = "BazaPodataka", "BazaPodataka", "{5822CE3D-E913-4A72-9615-3364ECA3733D}"
EndProject
Project("{FAE04EC0-301F-11D3-BF4B-00C04F79EFBC}") = "UIControler", "UIControler\UIControler.csproj", "{BE98FD69-A21E-4987-9D71-46DD1597105B}"
EndProject
Project("{FAE04EC0-301F-11D3-BF4B-00C04F79EFBC}") = "virtualui", "virtualui\virtualui.csproj", "{08A6323E-456F-413B-93D3-A8478A50676D}"
EndProject
Project("{2150E333-8FDC-42A3-9474-1A3956D46DE8}") = "Common", "Common", "{9CB3220A-9E56-4907-8E44-CB7A9DA37D4F}"
EndProject
Project("{FAE04EC0-301F-11D3-BF4B-00C04F79EFBC}") = "Common", "Common\Common.csproj", "{F005DAEA-2878-4EC9-845A-D6020975555E}"
EndProject
Project("{FAE04EC0-301F-11D3-BF4B-00C04F79EFBC}") = "DataBase", "DataBase\DataBase.csproj", "{76938262-9EDC-481B-86F5-3E850C057BE6}"
EndProject
Global
	GlobalSection(SolutionConfigurationPlatforms) = preSolution
		Debug|Any CPU = Debug|Any CPU
		Release|Any CPU = Release|Any CPU
	EndGlobalSection
	GlobalSection(ProjectConfigurationPlatforms) = postSolution
		{5DE5C35B-4BD4-456C-ACD6-41753AC6ACBB}.Debug|Any CPU.ActiveCfg = Debug|Any CPU
		{5DE5C35B-4BD4-456C-ACD6-41753AC6ACBB}.Debug|Any CPU.Build.0 = Debug|Any CPU
		{5DE5C35B-4BD4-456C-ACD6-41753AC6ACBB}.Release|Any CPU.ActiveCfg = Release|Any CPU
		{5DE5C35B-4BD4-456C-ACD6-41753AC6ACBB}.Release|Any CPU.Build.0 = Release|Any CPU
		{66852C24-5BFF-4694-89EA-9BA78853D540}.Debug|Any CPU.ActiveCfg = Debug|Any CPU
		{66852C24-5BFF-4694-89EA-9BA78853D540}.Debug|Any CPU.Build.0 = Debug|Any CPU
		{66852C24-5BFF-4694-89EA-9BA78853D540}.Release|Any CPU.ActiveCfg = Release|Any CPU
		{66852C24-5BFF-4694-89EA-9BA78853D540}.Release|Any CPU.Build.0 = Release|Any CPU
		{19015534-6C7C-4B3B-B8EC-1B781C0BAD53}.Debug|Any CPU.ActiveCfg = Debug|Any CPU
		{19015534-6C7C-4B3B-B8EC-1B781C0BAD53}.Debug|Any CPU.Build.0 = Debug|Any CPU
		{19015534-6C7C-4B3B-B8EC-1B781C0BAD53}.Release|Any CPU.ActiveCfg = Release|Any CPU
		{19015534-6C7C-4B3B-B8EC-1B781C0BAD53}.Release|Any CPU.Build.0 = Release|Any CPU
		{46EDC42B-9E40-4232-95AC-5EF47011635D}.Debug|Any CPU.ActiveCfg = Debug|Any CPU
		{46EDC42B-9E40-4232-95AC-5EF47011635D}.Debug|Any CPU.Build.0 = Debug|Any CPU
		{46EDC42B-9E40-4232-95AC-5EF47011635D}.Release|Any CPU.ActiveCfg = Release|Any CPU
		{46EDC42B-9E40-4232-95AC-5EF47011635D}.Release|Any CPU.Build.0 = Release|Any CPU
		{EA6228E4-98DD-48ED-AA08-A2F15605E6BE}.Debug|Any CPU.ActiveCfg = Debug|Any CPU
		{EA6228E4-98DD-48ED-AA08-A2F15605E6BE}.Debug|Any CPU.Build.0 = Debug|Any CPU
		{EA6228E4-98DD-48ED-AA08-A2F15605E6BE}.Release|Any CPU.ActiveCfg = Release|Any CPU
		{EA6228E4-98DD-48ED-AA08-A2F15605E6BE}.Release|Any CPU.Build.0 = Release|Any CPU
		{BE98FD69-A21E-4987-9D71-46DD1597105B}.Debug|Any CPU.ActiveCfg = Debug|Any CPU
		{BE98FD69-A21E-4987-9D71-46DD1597105B}.Debug|Any CPU.Build.0 = Debug|Any CPU
		{BE98FD69-A21E-4987-9D71-46DD1597105B}.Release|Any CPU.ActiveCfg = Release|Any CPU
		{BE98FD69-A21E-4987-9D71-46DD1597105B}.Release|Any CPU.Build.0 = Release|Any CPU
		{08A6323E-456F-413B-93D3-A8478A50676D}.Debug|Any CPU.ActiveCfg = Debug|Any CPU
		{08A6323E-456F-413B-93D3-A8478A50676D}.Debug|Any CPU.Build.0 = Debug|Any CPU
		{08A6323E-456F-413B-93D3-A8478A50676D}.Release|Any CPU.ActiveCfg = Release|Any CPU
		{08A6323E-456F-413B-93D3-A8478A50676D}.Release|Any CPU.Build.0 = Release|Any CPU
		{F005DAEA-2878-4EC9-845A-D6020975555E}.Debug|Any CPU.ActiveCfg = Debug|Any CPU
		{F005DAEA-2878-4EC9-845A-D6020975555E}.Debug|Any CPU.Build.0 = Debug|Any CPU
		{F005DAEA-2878-4EC9-845A-D6020975555E}.Release|Any CPU.ActiveCfg = Release|Any CPU
		{F005DAEA-2878-4EC9-845A-D6020975555E}.Release|Any CPU.Build.0 = Release|Any CPU
		{76938262-9EDC-481B-86F5-3E850C057BE6}.Debug|Any CPU.ActiveCfg = Debug|Any CPU
		{76938262-9EDC-481B-86F5-3E850C057BE6}.Debug|Any CPU.Build.0 = Debug|Any CPU
		{76938262-9EDC-481B-86F5-3E850C057BE6}.Release|Any CPU.ActiveCfg = Release|Any CPU
		{76938262-9EDC-481B-86F5-3E850C057BE6}.Release|Any CPU.Build.0 = Release|Any CPU
	EndGlobalSection
	GlobalSection(SolutionProperties) = preSolution
		HideSolutionNode = FALSE
	EndGlobalSection
	GlobalSection(NestedProjects) = preSolution
		{5DE5C35B-4BD4-456C-ACD6-41753AC6ACBB} = {28E5E639-DFE1-454F-8531-8762D7F5E0DD}
		{66852C24-5BFF-4694-89EA-9BA78853D540} = {28E5E639-DFE1-454F-8531-8762D7F5E0DD}
		{19015534-6C7C-4B3B-B8EC-1B781C0BAD53} = {28E5E639-DFE1-454F-8531-8762D7F5E0DD}
		{46EDC42B-9E40-4232-95AC-5EF47011635D} = {2564399C-CBC9-47B4-AC3F-81EE38A6AFD6}
		{EA6228E4-98DD-48ED-AA08-A2F15605E6BE} = {2564399C-CBC9-47B4-AC3F-81EE38A6AFD6}
		{BE98FD69-A21E-4987-9D71-46DD1597105B} = {802BBFCB-39D6-46CB-9D6B-65605AA634A3}
		{08A6323E-456F-413B-93D3-A8478A50676D} = {38AC1416-BF10-4D5A-BF61-EF05E281919D}
		{F005DAEA-2878-4EC9-845A-D6020975555E} = {9CB3220A-9E56-4907-8E44-CB7A9DA37D4F}
		{76938262-9EDC-481B-86F5-3E850C057BE6} = {5822CE3D-E913-4A72-9615-3364ECA3733D}
	EndGlobalSection
	GlobalSection(ExtensibilityGlobals) = postSolution
		SolutionGuid = {EE516B15-00B3-4B7B-9E38-657267E48462}
	EndGlobalSection
EndGlobal
